
Microsoft Visual Studio Solution File, Format Version 12.00
# Visual Studio 2013
VisualStudioVersion = 12.0.21005.1
MinimumVisualStudioVersion = 10.0.40219.1
Project("{FAE04EC0-301F-11D3-BF4B-00C04F79EFBC}") = "XmlParser", "XmlParser.csproj", "{497C4F64-D6E0-42D2-8DC1-93DF189AE486}"
EndProject
Project("{FAE04EC0-301F-11D3-BF4B-00C04F79EFBC}") = "SharpCompress.Unsigned", "sharpcompress\SharpCompress\SharpCompress.Unsigned.csproj", "{27D535CB-2FD3-4621-8C9A-46161FC77A5D}"
EndProject
Global
	GlobalSection(SolutionConfigurationPlatforms) = preSolution
		Debug|Any CPU = Debug|Any CPU
		Release|Any CPU = Release|Any CPU
	EndGlobalSection
	GlobalSection(ProjectConfigurationPlatforms) = postSolution
		{497C4F64-D6E0-42D2-8DC1-93DF189AE486}.Debug|Any CPU.ActiveCfg = Debug|Any CPU
		{497C4F64-D6E0-42D2-8DC1-93DF189AE486}.Debug|Any CPU.Build.0 = Debug|Any CPU
		{497C4F64-D6E0-42D2-8DC1-93DF189AE486}.Release|Any CPU.ActiveCfg = Release|Any CPU
		{497C4F64-D6E0-42D2-8DC1-93DF189AE486}.Release|Any CPU.Build.0 = Release|Any CPU
		{27D535CB-2FD3-4621-8C9A-46161FC77A5D}.Debug|Any CPU.ActiveCfg = Debug|Any CPU
		{27D535CB-2FD3-4621-8C9A-46161FC77A5D}.Debug|Any CPU.Build.0 = Debug|Any CPU
		{27D535CB-2FD3-4621-8C9A-46161FC77A5D}.Release|Any CPU.ActiveCfg = Release|Any CPU
		{27D535CB-2FD3-4621-8C9A-46161FC77A5D}.Release|Any CPU.Build.0 = Release|Any CPU
	EndGlobalSection
	GlobalSection(SolutionProperties) = preSolution
		HideSolutionNode = FALSE
	EndGlobalSection
EndGlobal
